// !$*UTF8*$!
{
	archiveVersion = 1;
	classes = {
	};
	objectVersion = 48;
	objects = {

/* Begin PBXBuildFile section */
		4D19DB9003BCD64316516A13 /* Pods_CDLExamUITests.framework in Frameworks */ = {isa = PBXBuildFile; fileRef = 3B64B9C32CB0D3F5E48B84EB /* Pods_CDLExamUITests.framework */; };
		6EF3E77AC8822F14F7F936A7 /* Pods_CDLExamTests.framework in Frameworks */ = {isa = PBXBuildFile; fileRef = BBD2D0D787777CCADED9EFE6 /* Pods_CDLExamTests.framework */; };
		82DF936606E5F445A3598B78 /* Pods_CDLExam.framework in Frameworks */ = {isa = PBXBuildFile; fileRef = E7405E8C0C329D2D7355BC61 /* Pods_CDLExam.framework */; };
		F417404020635C46007DFE7A /* CreateExamView.xib in Resources */ = {isa = PBXBuildFile; fileRef = F417403F20635C46007DFE7A /* CreateExamView.xib */; };
		F417404220635C53007DFE7A /* CreateExamViewController.swift in Sources */ = {isa = PBXBuildFile; fileRef = F417404120635C53007DFE7A /* CreateExamViewController.swift */; };
		F417404420636026007DFE7A /* CreateExamView.swift in Sources */ = {isa = PBXBuildFile; fileRef = F417404320636026007DFE7A /* CreateExamView.swift */; };
		F41E237B205FC76A00975C5A /* ExamResults.swift in Sources */ = {isa = PBXBuildFile; fileRef = F41E2375205FC76900975C5A /* ExamResults.swift */; };
		F41E237C205FC76A00975C5A /* ExamScheduleTableViewController.swift in Sources */ = {isa = PBXBuildFile; fileRef = F41E2376205FC76900975C5A /* ExamScheduleTableViewController.swift */; };
		F41E237D205FC76A00975C5A /* ExamMenuTableViewController.swift in Sources */ = {isa = PBXBuildFile; fileRef = F41E2377205FC76900975C5A /* ExamMenuTableViewController.swift */; };
		F41E237E205FC76A00975C5A /* ExamRequirementView.swift in Sources */ = {isa = PBXBuildFile; fileRef = F41E2378205FC76900975C5A /* ExamRequirementView.swift */; };
		F41E237F205FC76A00975C5A /* ExamView.xib in Resources */ = {isa = PBXBuildFile; fileRef = F41E2379205FC76A00975C5A /* ExamView.xib */; };
		F41E2380205FC76A00975C5A /* ExamViewController.swift in Sources */ = {isa = PBXBuildFile; fileRef = F41E237A205FC76A00975C5A /* ExamViewController.swift */; };
		F41E2382205FC80900975C5A /* ResultsPDF.swift in Sources */ = {isa = PBXBuildFile; fileRef = F41E2381205FC80900975C5A /* ResultsPDF.swift */; };
		F41E2385205FC87600975C5A /* ResultsPDFView.swift in Sources */ = {isa = PBXBuildFile; fileRef = F41E2384205FC87600975C5A /* ResultsPDFView.swift */; };
		F41E2387205FE04D00975C5A /* Constants.swift in Sources */ = {isa = PBXBuildFile; fileRef = F41E2386205FE04D00975C5A /* Constants.swift */; };
		F41E23892060B9BF00975C5A /* UtilityFunctions.swift in Sources */ = {isa = PBXBuildFile; fileRef = F41E23882060B9BF00975C5A /* UtilityFunctions.swift */; };
		F4674A98201C95DA00944EC5 /* AppDelegate.swift in Sources */ = {isa = PBXBuildFile; fileRef = F4674A97201C95DA00944EC5 /* AppDelegate.swift */; };
		F4674A9B201C95DA00944EC5 /* CDLExam.xcdatamodeld in Sources */ = {isa = PBXBuildFile; fileRef = F4674A99201C95DA00944EC5 /* CDLExam.xcdatamodeld */; };
		F4674A9D201C95DA00944EC5 /* MasterViewController.swift in Sources */ = {isa = PBXBuildFile; fileRef = F4674A9C201C95DA00944EC5 /* MasterViewController.swift */; };
		F4674A9F201C95DA00944EC5 /* DetailViewController.swift in Sources */ = {isa = PBXBuildFile; fileRef = F4674A9E201C95DA00944EC5 /* DetailViewController.swift */; };
		F4674AA2201C95DA00944EC5 /* Main.storyboard in Resources */ = {isa = PBXBuildFile; fileRef = F4674AA0201C95DA00944EC5 /* Main.storyboard */; };
		F4674AA4201C95DA00944EC5 /* Assets.xcassets in Resources */ = {isa = PBXBuildFile; fileRef = F4674AA3201C95DA00944EC5 /* Assets.xcassets */; };
		F4674AA7201C95DA00944EC5 /* LaunchScreen.storyboard in Resources */ = {isa = PBXBuildFile; fileRef = F4674AA5201C95DA00944EC5 /* LaunchScreen.storyboard */; };
		F4674AB2201C95DA00944EC5 /* CDLExamTests.swift in Sources */ = {isa = PBXBuildFile; fileRef = F4674AB1201C95DA00944EC5 /* CDLExamTests.swift */; };
		F4674ABD201C95DA00944EC5 /* CDLExamUITests.swift in Sources */ = {isa = PBXBuildFile; fileRef = F4674ABC201C95DA00944EC5 /* CDLExamUITests.swift */; };
		F4674ACB201C965D00944EC5 /* exam-criteria.plist in Resources */ = {isa = PBXBuildFile; fileRef = F4674ACA201C965D00944EC5 /* exam-criteria.plist */; };
		F4EADDE4205CE5E9008DA8AB /* ExamSectionsTableViewController.swift in Sources */ = {isa = PBXBuildFile; fileRef = F4EADDE3205CE5E9008DA8AB /* ExamSectionsTableViewController.swift */; };
		F4EADDE6205CEEB6008DA8AB /* LoadExamInfoProtocol.swift in Sources */ = {isa = PBXBuildFile; fileRef = F4EADDE5205CEEB6008DA8AB /* LoadExamInfoProtocol.swift */; };
		F4EADDEB205E4EF4008DA8AB /* Exam.swift in Sources */ = {isa = PBXBuildFile; fileRef = F4EADDEA205E4EF4008DA8AB /* Exam.swift */; };
		F4EADDED205E4F9C008DA8AB /* ExamViewCell.swift in Sources */ = {isa = PBXBuildFile; fileRef = F4EADDEC205E4F9C008DA8AB /* ExamViewCell.swift */; };
/* End PBXBuildFile section */

/* Begin PBXContainerItemProxy section */
		F4674AAE201C95DA00944EC5 /* PBXContainerItemProxy */ = {
			isa = PBXContainerItemProxy;
			containerPortal = F4674A8C201C95DA00944EC5 /* Project object */;
			proxyType = 1;
			remoteGlobalIDString = F4674A93201C95DA00944EC5;
			remoteInfo = CDLExam;
		};
		F4674AB9201C95DA00944EC5 /* PBXContainerItemProxy */ = {
			isa = PBXContainerItemProxy;
			containerPortal = F4674A8C201C95DA00944EC5 /* Project object */;
			proxyType = 1;
			remoteGlobalIDString = F4674A93201C95DA00944EC5;
			remoteInfo = CDLExam;
		};
/* End PBXContainerItemProxy section */

/* Begin PBXFileReference section */
		3B64B9C32CB0D3F5E48B84EB /* Pods_CDLExamUITests.framework */ = {isa = PBXFileReference; explicitFileType = wrapper.framework; includeInIndex = 0; path = Pods_CDLExamUITests.framework; sourceTree = BUILT_PRODUCTS_DIR; };
		48AAC3B449388A0553609A41 /* Pods-CDLExamUITests.release.xcconfig */ = {isa = PBXFileReference; includeInIndex = 1; lastKnownFileType = text.xcconfig; name = "Pods-CDLExamUITests.release.xcconfig"; path = "Pods/Target Support Files/Pods-CDLExamUITests/Pods-CDLExamUITests.release.xcconfig"; sourceTree = "<group>"; };
		57345D0C3CAD412631B9EF31 /* Pods-CDLExam.release.xcconfig */ = {isa = PBXFileReference; includeInIndex = 1; lastKnownFileType = text.xcconfig; name = "Pods-CDLExam.release.xcconfig"; path = "Pods/Target Support Files/Pods-CDLExam/Pods-CDLExam.release.xcconfig"; sourceTree = "<group>"; };
		859B6B05326119180EBA616E /* Pods-CDLExamTests.release.xcconfig */ = {isa = PBXFileReference; includeInIndex = 1; lastKnownFileType = text.xcconfig; name = "Pods-CDLExamTests.release.xcconfig"; path = "Pods/Target Support Files/Pods-CDLExamTests/Pods-CDLExamTests.release.xcconfig"; sourceTree = "<group>"; };
		8B5DA99532A7D8B40B50D334 /* Pods-CDLExamUITests.debug.xcconfig */ = {isa = PBXFileReference; includeInIndex = 1; lastKnownFileType = text.xcconfig; name = "Pods-CDLExamUITests.debug.xcconfig"; path = "Pods/Target Support Files/Pods-CDLExamUITests/Pods-CDLExamUITests.debug.xcconfig"; sourceTree = "<group>"; };
		9BA4DACF9B226CB95A085F5F /* Pods-CDLExamTests.debug.xcconfig */ = {isa = PBXFileReference; includeInIndex = 1; lastKnownFileType = text.xcconfig; name = "Pods-CDLExamTests.debug.xcconfig"; path = "Pods/Target Support Files/Pods-CDLExamTests/Pods-CDLExamTests.debug.xcconfig"; sourceTree = "<group>"; };
		BBD2D0D787777CCADED9EFE6 /* Pods_CDLExamTests.framework */ = {isa = PBXFileReference; explicitFileType = wrapper.framework; includeInIndex = 0; path = Pods_CDLExamTests.framework; sourceTree = BUILT_PRODUCTS_DIR; };
		DFADD75CBDACF24254B89DFF /* Pods-CDLExam.debug.xcconfig */ = {isa = PBXFileReference; includeInIndex = 1; lastKnownFileType = text.xcconfig; name = "Pods-CDLExam.debug.xcconfig"; path = "Pods/Target Support Files/Pods-CDLExam/Pods-CDLExam.debug.xcconfig"; sourceTree = "<group>"; };
		E7405E8C0C329D2D7355BC61 /* Pods_CDLExam.framework */ = {isa = PBXFileReference; explicitFileType = wrapper.framework; includeInIndex = 0; path = Pods_CDLExam.framework; sourceTree = BUILT_PRODUCTS_DIR; };
		F417403F20635C46007DFE7A /* CreateExamView.xib */ = {isa = PBXFileReference; lastKnownFileType = file.xib; path = CreateExamView.xib; sourceTree = "<group>"; };
		F417404120635C53007DFE7A /* CreateExamViewController.swift */ = {isa = PBXFileReference; lastKnownFileType = sourcecode.swift; path = CreateExamViewController.swift; sourceTree = "<group>"; };
		F417404320636026007DFE7A /* CreateExamView.swift */ = {isa = PBXFileReference; lastKnownFileType = sourcecode.swift; path = CreateExamView.swift; sourceTree = "<group>"; };
		F41E2375205FC76900975C5A /* ExamResults.swift */ = {isa = PBXFileReference; fileEncoding = 4; lastKnownFileType = sourcecode.swift; path = ExamResults.swift; sourceTree = "<group>"; };
		F41E2376205FC76900975C5A /* ExamScheduleTableViewController.swift */ = {isa = PBXFileReference; fileEncoding = 4; lastKnownFileType = sourcecode.swift; name = ExamScheduleTableViewController.swift; path = "CDLExam/Exam Views and Controllers/ExamScheduleTableViewController.swift"; sourceTree = SOURCE_ROOT; };
		F41E2377205FC76900975C5A /* ExamMenuTableViewController.swift */ = {isa = PBXFileReference; fileEncoding = 4; lastKnownFileType = sourcecode.swift; name = ExamMenuTableViewController.swift; path = "CDLExam/Exam Views and Controllers/ExamMenuTableViewController.swift"; sourceTree = SOURCE_ROOT; };
		F41E2378205FC76900975C5A /* ExamRequirementView.swift */ = {isa = PBXFileReference; fileEncoding = 4; lastKnownFileType = sourcecode.swift; name = ExamRequirementView.swift; path = "CDLExam/Exam Views and Controllers/ExamRequirementView.swift"; sourceTree = SOURCE_ROOT; };
		F41E2379205FC76A00975C5A /* ExamView.xib */ = {isa = PBXFileReference; fileEncoding = 4; lastKnownFileType = file.xib; name = ExamView.xib; path = "CDLExam/Exam Views and Controllers/ExamView.xib"; sourceTree = SOURCE_ROOT; };
		F41E237A205FC76A00975C5A /* ExamViewController.swift */ = {isa = PBXFileReference; fileEncoding = 4; lastKnownFileType = sourcecode.swift; name = ExamViewController.swift; path = "CDLExam/Exam Views and Controllers/ExamViewController.swift"; sourceTree = SOURCE_ROOT; };
		F41E2381205FC80900975C5A /* ResultsPDF.swift */ = {isa = PBXFileReference; fileEncoding = 4; lastKnownFileType = sourcecode.swift; name = ResultsPDF.swift; path = CDLExam/PDF/ResultsPDF.swift; sourceTree = SOURCE_ROOT; };
		F41E2384205FC87600975C5A /* ResultsPDFView.swift */ = {isa = PBXFileReference; lastKnownFileType = sourcecode.swift; path = ResultsPDFView.swift; sourceTree = "<group>"; };
		F41E2386205FE04D00975C5A /* Constants.swift */ = {isa = PBXFileReference; lastKnownFileType = sourcecode.swift; path = Constants.swift; sourceTree = "<group>"; };
		F41E23882060B9BF00975C5A /* UtilityFunctions.swift */ = {isa = PBXFileReference; lastKnownFileType = sourcecode.swift; path = UtilityFunctions.swift; sourceTree = "<group>"; };
		F4674A94201C95DA00944EC5 /* CDLExam.app */ = {isa = PBXFileReference; explicitFileType = wrapper.application; includeInIndex = 0; path = CDLExam.app; sourceTree = BUILT_PRODUCTS_DIR; };
		F4674A97201C95DA00944EC5 /* AppDelegate.swift */ = {isa = PBXFileReference; lastKnownFileType = sourcecode.swift; path = AppDelegate.swift; sourceTree = "<group>"; };
		F4674A9A201C95DA00944EC5 /* CDLExam.xcdatamodel */ = {isa = PBXFileReference; lastKnownFileType = wrapper.xcdatamodel; path = CDLExam.xcdatamodel; sourceTree = "<group>"; };
		F4674A9C201C95DA00944EC5 /* MasterViewController.swift */ = {isa = PBXFileReference; lastKnownFileType = sourcecode.swift; path = MasterViewController.swift; sourceTree = "<group>"; };
		F4674A9E201C95DA00944EC5 /* DetailViewController.swift */ = {isa = PBXFileReference; lastKnownFileType = sourcecode.swift; path = DetailViewController.swift; sourceTree = "<group>"; };
		F4674AA1201C95DA00944EC5 /* Base */ = {isa = PBXFileReference; lastKnownFileType = file.storyboard; name = Base; path = Base.lproj/Main.storyboard; sourceTree = "<group>"; };
		F4674AA3201C95DA00944EC5 /* Assets.xcassets */ = {isa = PBXFileReference; lastKnownFileType = folder.assetcatalog; path = Assets.xcassets; sourceTree = "<group>"; };
		F4674AA6201C95DA00944EC5 /* Base */ = {isa = PBXFileReference; lastKnownFileType = file.storyboard; name = Base; path = Base.lproj/LaunchScreen.storyboard; sourceTree = "<group>"; };
		F4674AA8201C95DA00944EC5 /* Info.plist */ = {isa = PBXFileReference; lastKnownFileType = text.plist.xml; path = Info.plist; sourceTree = "<group>"; };
		F4674AAD201C95DA00944EC5 /* CDLExamTests.xctest */ = {isa = PBXFileReference; explicitFileType = wrapper.cfbundle; includeInIndex = 0; path = CDLExamTests.xctest; sourceTree = BUILT_PRODUCTS_DIR; };
		F4674AB1201C95DA00944EC5 /* CDLExamTests.swift */ = {isa = PBXFileReference; lastKnownFileType = sourcecode.swift; path = CDLExamTests.swift; sourceTree = "<group>"; };
		F4674AB3201C95DA00944EC5 /* Info.plist */ = {isa = PBXFileReference; lastKnownFileType = text.plist.xml; path = Info.plist; sourceTree = "<group>"; };
		F4674AB8201C95DA00944EC5 /* CDLExamUITests.xctest */ = {isa = PBXFileReference; explicitFileType = wrapper.cfbundle; includeInIndex = 0; path = CDLExamUITests.xctest; sourceTree = BUILT_PRODUCTS_DIR; };
		F4674ABC201C95DA00944EC5 /* CDLExamUITests.swift */ = {isa = PBXFileReference; lastKnownFileType = sourcecode.swift; path = CDLExamUITests.swift; sourceTree = "<group>"; };
		F4674ABE201C95DA00944EC5 /* Info.plist */ = {isa = PBXFileReference; lastKnownFileType = text.plist.xml; path = Info.plist; sourceTree = "<group>"; };
		F4674ACA201C965D00944EC5 /* exam-criteria.plist */ = {isa = PBXFileReference; lastKnownFileType = text.plist.xml; path = "exam-criteria.plist"; sourceTree = "<group>"; };
		F4EADDE3205CE5E9008DA8AB /* ExamSectionsTableViewController.swift */ = {isa = PBXFileReference; lastKnownFileType = sourcecode.swift; path = ExamSectionsTableViewController.swift; sourceTree = "<group>"; };
		F4EADDE5205CEEB6008DA8AB /* LoadExamInfoProtocol.swift */ = {isa = PBXFileReference; lastKnownFileType = sourcecode.swift; name = LoadExamInfoProtocol.swift; path = Protocols/LoadExamInfoProtocol.swift; sourceTree = "<group>"; };
		F4EADDEA205E4EF4008DA8AB /* Exam.swift */ = {isa = PBXFileReference; lastKnownFileType = sourcecode.swift; name = Exam.swift; path = CDLExam/Exam/Exam.swift; sourceTree = SOURCE_ROOT; };
		F4EADDEC205E4F9C008DA8AB /* ExamViewCell.swift */ = {isa = PBXFileReference; lastKnownFileType = sourcecode.swift; name = ExamViewCell.swift; path = CDLExam/Exam/ExamViewCell.swift; sourceTree = SOURCE_ROOT; };
/* End PBXFileReference section */

/* Begin PBXFrameworksBuildPhase section */
		F4674A91201C95DA00944EC5 /* Frameworks */ = {
			isa = PBXFrameworksBuildPhase;
			buildActionMask = 2147483647;
			files = (
				82DF936606E5F445A3598B78 /* Pods_CDLExam.framework in Frameworks */,
			);
			runOnlyForDeploymentPostprocessing = 0;
		};
		F4674AAA201C95DA00944EC5 /* Frameworks */ = {
			isa = PBXFrameworksBuildPhase;
			buildActionMask = 2147483647;
			files = (
				6EF3E77AC8822F14F7F936A7 /* Pods_CDLExamTests.framework in Frameworks */,
			);
			runOnlyForDeploymentPostprocessing = 0;
		};
		F4674AB5201C95DA00944EC5 /* Frameworks */ = {
			isa = PBXFrameworksBuildPhase;
			buildActionMask = 2147483647;
			files = (
				4D19DB9003BCD64316516A13 /* Pods_CDLExamUITests.framework in Frameworks */,
			);
			runOnlyForDeploymentPostprocessing = 0;
		};
/* End PBXFrameworksBuildPhase section */

/* Begin PBXGroup section */
		548F370EFDEF617D6C6F1897 /* Pods */ = {
			isa = PBXGroup;
			children = (
				DFADD75CBDACF24254B89DFF /* Pods-CDLExam.debug.xcconfig */,
				57345D0C3CAD412631B9EF31 /* Pods-CDLExam.release.xcconfig */,
				9BA4DACF9B226CB95A085F5F /* Pods-CDLExamTests.debug.xcconfig */,
				859B6B05326119180EBA616E /* Pods-CDLExamTests.release.xcconfig */,
				8B5DA99532A7D8B40B50D334 /* Pods-CDLExamUITests.debug.xcconfig */,
				48AAC3B449388A0553609A41 /* Pods-CDLExamUITests.release.xcconfig */,
			);
			name = Pods;
			sourceTree = "<group>";
		};
		5DCC80DF320D8286205D6D6E /* Frameworks */ = {
			isa = PBXGroup;
			children = (
				E7405E8C0C329D2D7355BC61 /* Pods_CDLExam.framework */,
				BBD2D0D787777CCADED9EFE6 /* Pods_CDLExamTests.framework */,
				3B64B9C32CB0D3F5E48B84EB /* Pods_CDLExamUITests.framework */,
			);
			name = Frameworks;
			sourceTree = "<group>";
		};
		F417403E20635C0E007DFE7A /* Create Exam */ = {
			isa = PBXGroup;
			children = (
				F417403F20635C46007DFE7A /* CreateExamView.xib */,
				F417404120635C53007DFE7A /* CreateExamViewController.swift */,
				F417404320636026007DFE7A /* CreateExamView.swift */,
			);
			path = "Create Exam";
			sourceTree = "<group>";
		};
		F41E2374205FC76900975C5A /* Results */ = {
			isa = PBXGroup;
			children = (
				F41E2375205FC76900975C5A /* ExamResults.swift */,
			);
			name = Results;
			path = "CDLExam/Exam Views and Controllers/Results";
			sourceTree = SOURCE_ROOT;
		};
		F41E2383205FC86600975C5A /* PDF */ = {
			isa = PBXGroup;
			children = (
				F41E2381205FC80900975C5A /* ResultsPDF.swift */,
				F41E2384205FC87600975C5A /* ResultsPDFView.swift */,
			);
			path = PDF;
			sourceTree = "<group>";
		};
		F4674A8B201C95DA00944EC5 = {
			isa = PBXGroup;
			children = (
				F4674A96201C95DA00944EC5 /* CDLExam */,
				F4674AB0201C95DA00944EC5 /* CDLExamTests */,
				F4674ABB201C95DA00944EC5 /* CDLExamUITests */,
				F4674A95201C95DA00944EC5 /* Products */,
				548F370EFDEF617D6C6F1897 /* Pods */,
				5DCC80DF320D8286205D6D6E /* Frameworks */,
			);
			sourceTree = "<group>";
		};
		F4674A95201C95DA00944EC5 /* Products */ = {
			isa = PBXGroup;
			children = (
				F4674A94201C95DA00944EC5 /* CDLExam.app */,
				F4674AAD201C95DA00944EC5 /* CDLExamTests.xctest */,
				F4674AB8201C95DA00944EC5 /* CDLExamUITests.xctest */,
			);
			name = Products;
			sourceTree = "<group>";
		};
		F4674A96201C95DA00944EC5 /* CDLExam */ = {
			isa = PBXGroup;
			children = (
				F417403E20635C0E007DFE7A /* Create Exam */,
				F41E2383205FC86600975C5A /* PDF */,
				F4EADDE2205CE5BF008DA8AB /* Exam Sections */,
				F4674AD0201F3C5200944EC5 /* Exam */,
				F4674A97201C95DA00944EC5 /* AppDelegate.swift */,
				F4674A9C201C95DA00944EC5 /* MasterViewController.swift */,
				F4674A9E201C95DA00944EC5 /* DetailViewController.swift */,
				F4674AA0201C95DA00944EC5 /* Main.storyboard */,
				F4674AA3201C95DA00944EC5 /* Assets.xcassets */,
				F4674AA5201C95DA00944EC5 /* LaunchScreen.storyboard */,
				F4674AA8201C95DA00944EC5 /* Info.plist */,
				F4674A99201C95DA00944EC5 /* CDLExam.xcdatamodeld */,
				F4674ACA201C965D00944EC5 /* exam-criteria.plist */,
				F4EADDE5205CEEB6008DA8AB /* LoadExamInfoProtocol.swift */,
				F41E2386205FE04D00975C5A /* Constants.swift */,
				F41E23882060B9BF00975C5A /* UtilityFunctions.swift */,
			);
			path = CDLExam;
			sourceTree = "<group>";
		};
		F4674AB0201C95DA00944EC5 /* CDLExamTests */ = {
			isa = PBXGroup;
			children = (
				F4674AB1201C95DA00944EC5 /* CDLExamTests.swift */,
				F4674AB3201C95DA00944EC5 /* Info.plist */,
			);
			path = CDLExamTests;
			sourceTree = "<group>";
		};
		F4674ABB201C95DA00944EC5 /* CDLExamUITests */ = {
			isa = PBXGroup;
			children = (
				F4674ABC201C95DA00944EC5 /* CDLExamUITests.swift */,
				F4674ABE201C95DA00944EC5 /* Info.plist */,
			);
			path = CDLExamUITests;
			sourceTree = "<group>";
		};
		F4674AD0201F3C5200944EC5 /* Exam */ = {
			isa = PBXGroup;
			children = (
				F41E2377205FC76900975C5A /* ExamMenuTableViewController.swift */,
				F41E2378205FC76900975C5A /* ExamRequirementView.swift */,
				F41E2376205FC76900975C5A /* ExamScheduleTableViewController.swift */,
				F41E2379205FC76A00975C5A /* ExamView.xib */,
				F41E237A205FC76A00975C5A /* ExamViewController.swift */,
				F41E2374205FC76900975C5A /* Results */,
				F4EADDEA205E4EF4008DA8AB /* Exam.swift */,
				F4EADDEC205E4F9C008DA8AB /* ExamViewCell.swift */,
			);
			name = Exam;
			path = "New Group";
			sourceTree = "<group>";
		};
		F4EADDE2205CE5BF008DA8AB /* Exam Sections */ = {
			isa = PBXGroup;
			children = (
				F4EADDE3205CE5E9008DA8AB /* ExamSectionsTableViewController.swift */,
			);
			path = "Exam Sections";
			sourceTree = "<group>";
		};
/* End PBXGroup section */

/* Begin PBXNativeTarget section */
		F4674A93201C95DA00944EC5 /* CDLExam */ = {
			isa = PBXNativeTarget;
			buildConfigurationList = F4674AC1201C95DA00944EC5 /* Build configuration list for PBXNativeTarget "CDLExam" */;
			buildPhases = (
				4A85257D49B643754AB81792 /* [CP] Check Pods Manifest.lock */,
				F4674A90201C95DA00944EC5 /* Sources */,
				F4674A91201C95DA00944EC5 /* Frameworks */,
				F4674A92201C95DA00944EC5 /* Resources */,
				F4A4325E066A0BF483387AC5 /* [CP] Embed Pods Frameworks */,
				82E3DD34E3A9FF375024B3FB /* [CP] Copy Pods Resources */,
			);
			buildRules = (
			);
			dependencies = (
			);
			name = CDLExam;
			productName = CDLExam;
			productReference = F4674A94201C95DA00944EC5 /* CDLExam.app */;
			productType = "com.apple.product-type.application";
		};
		F4674AAC201C95DA00944EC5 /* CDLExamTests */ = {
			isa = PBXNativeTarget;
			buildConfigurationList = F4674AC4201C95DA00944EC5 /* Build configuration list for PBXNativeTarget "CDLExamTests" */;
			buildPhases = (
				F43C4252252AA2572BF20858 /* [CP] Check Pods Manifest.lock */,
				F4674AA9201C95DA00944EC5 /* Sources */,
				F4674AAA201C95DA00944EC5 /* Frameworks */,
				F4674AAB201C95DA00944EC5 /* Resources */,
				87D88129D261BC4C412CC369 /* [CP] Embed Pods Frameworks */,
				325930155EDDC807B5F8F543 /* [CP] Copy Pods Resources */,
			);
			buildRules = (
			);
			dependencies = (
				F4674AAF201C95DA00944EC5 /* PBXTargetDependency */,
			);
			name = CDLExamTests;
			productName = CDLExamTests;
			productReference = F4674AAD201C95DA00944EC5 /* CDLExamTests.xctest */;
			productType = "com.apple.product-type.bundle.unit-test";
		};
		F4674AB7201C95DA00944EC5 /* CDLExamUITests */ = {
			isa = PBXNativeTarget;
			buildConfigurationList = F4674AC7201C95DA00944EC5 /* Build configuration list for PBXNativeTarget "CDLExamUITests" */;
			buildPhases = (
				2071BA8A1A5D4964821E0103 /* [CP] Check Pods Manifest.lock */,
				F4674AB4201C95DA00944EC5 /* Sources */,
				F4674AB5201C95DA00944EC5 /* Frameworks */,
				F4674AB6201C95DA00944EC5 /* Resources */,
				C6A8A621B409EFFB7907B997 /* [CP] Embed Pods Frameworks */,
				F47549E51F792F46C8B31005 /* [CP] Copy Pods Resources */,
			);
			buildRules = (
			);
			dependencies = (
				F4674ABA201C95DA00944EC5 /* PBXTargetDependency */,
			);
			name = CDLExamUITests;
			productName = CDLExamUITests;
			productReference = F4674AB8201C95DA00944EC5 /* CDLExamUITests.xctest */;
			productType = "com.apple.product-type.bundle.ui-testing";
		};
/* End PBXNativeTarget section */

/* Begin PBXProject section */
		F4674A8C201C95DA00944EC5 /* Project object */ = {
			isa = PBXProject;
			attributes = {
				LastSwiftUpdateCheck = 0920;
				LastUpgradeCheck = 0920;
				ORGANIZATIONNAME = Dephyned;
				TargetAttributes = {
					F4674A93201C95DA00944EC5 = {
						CreatedOnToolsVersion = 9.2;
						ProvisioningStyle = Automatic;
					};
					F4674AAC201C95DA00944EC5 = {
						CreatedOnToolsVersion = 9.2;
						ProvisioningStyle = Automatic;
						TestTargetID = F4674A93201C95DA00944EC5;
					};
					F4674AB7201C95DA00944EC5 = {
						CreatedOnToolsVersion = 9.2;
						ProvisioningStyle = Automatic;
						TestTargetID = F4674A93201C95DA00944EC5;
					};
				};
			};
			buildConfigurationList = F4674A8F201C95DA00944EC5 /* Build configuration list for PBXProject "CDLExam" */;
			compatibilityVersion = "Xcode 8.0";
			developmentRegion = en;
			hasScannedForEncodings = 0;
			knownRegions = (
				en,
				Base,
			);
			mainGroup = F4674A8B201C95DA00944EC5;
			productRefGroup = F4674A95201C95DA00944EC5 /* Products */;
			projectDirPath = "";
			projectRoot = "";
			targets = (
				F4674A93201C95DA00944EC5 /* CDLExam */,
				F4674AAC201C95DA00944EC5 /* CDLExamTests */,
				F4674AB7201C95DA00944EC5 /* CDLExamUITests */,
			);
		};
/* End PBXProject section */

/* Begin PBXResourcesBuildPhase section */
		F4674A92201C95DA00944EC5 /* Resources */ = {
			isa = PBXResourcesBuildPhase;
			buildActionMask = 2147483647;
			files = (
				F4674ACB201C965D00944EC5 /* exam-criteria.plist in Resources */,
				F4674AA7201C95DA00944EC5 /* LaunchScreen.storyboard in Resources */,
				F4674AA4201C95DA00944EC5 /* Assets.xcassets in Resources */,
				F41E237F205FC76A00975C5A /* ExamView.xib in Resources */,
				F4674AA2201C95DA00944EC5 /* Main.storyboard in Resources */,
				F417404020635C46007DFE7A /* CreateExamView.xib in Resources */,
			);
			runOnlyForDeploymentPostprocessing = 0;
		};
		F4674AAB201C95DA00944EC5 /* Resources */ = {
			isa = PBXResourcesBuildPhase;
			buildActionMask = 2147483647;
			files = (
			);
			runOnlyForDeploymentPostprocessing = 0;
		};
		F4674AB6201C95DA00944EC5 /* Resources */ = {
			isa = PBXResourcesBuildPhase;
			buildActionMask = 2147483647;
			files = (
			);
			runOnlyForDeploymentPostprocessing = 0;
		};
/* End PBXResourcesBuildPhase section */

/* Begin PBXShellScriptBuildPhase section */
		2071BA8A1A5D4964821E0103 /* [CP] Check Pods Manifest.lock */ = {
			isa = PBXShellScriptBuildPhase;
			buildActionMask = 2147483647;
			files = (
			);
			inputPaths = (
			);
			name = "[CP] Check Pods Manifest.lock";
			outputPaths = (
			);
			runOnlyForDeploymentPostprocessing = 0;
			shellPath = /bin/sh;
			shellScript = "diff \"${PODS_ROOT}/../Podfile.lock\" \"${PODS_ROOT}/Manifest.lock\" > /dev/null\nif [ $? != 0 ] ; then\n    # print error to STDERR\n    echo \"error: The sandbox is not in sync with the Podfile.lock. Run 'pod install' or update your CocoaPods installation.\" >&2\n    exit 1\nfi\n";
			showEnvVarsInLog = 0;
		};
		325930155EDDC807B5F8F543 /* [CP] Copy Pods Resources */ = {
			isa = PBXShellScriptBuildPhase;
			buildActionMask = 2147483647;
			files = (
			);
			inputPaths = (
			);
			name = "[CP] Copy Pods Resources";
			outputPaths = (
			);
			runOnlyForDeploymentPostprocessing = 0;
			shellPath = /bin/sh;
			shellScript = "\"${SRCROOT}/Pods/Target Support Files/Pods-CDLExamTests/Pods-CDLExamTests-resources.sh\"\n";
			showEnvVarsInLog = 0;
		};
		4A85257D49B643754AB81792 /* [CP] Check Pods Manifest.lock */ = {
			isa = PBXShellScriptBuildPhase;
			buildActionMask = 2147483647;
			files = (
			);
			inputPaths = (
			);
			name = "[CP] Check Pods Manifest.lock";
			outputPaths = (
			);
			runOnlyForDeploymentPostprocessing = 0;
			shellPath = /bin/sh;
			shellScript = "diff \"${PODS_ROOT}/../Podfile.lock\" \"${PODS_ROOT}/Manifest.lock\" > /dev/null\nif [ $? != 0 ] ; then\n    # print error to STDERR\n    echo \"error: The sandbox is not in sync with the Podfile.lock. Run 'pod install' or update your CocoaPods installation.\" >&2\n    exit 1\nfi\n";
			showEnvVarsInLog = 0;
		};
		82E3DD34E3A9FF375024B3FB /* [CP] Copy Pods Resources */ = {
			isa = PBXShellScriptBuildPhase;
			buildActionMask = 2147483647;
			files = (
			);
			inputPaths = (
			);
			name = "[CP] Copy Pods Resources";
			outputPaths = (
			);
			runOnlyForDeploymentPostprocessing = 0;
			shellPath = /bin/sh;
			shellScript = "\"${SRCROOT}/Pods/Target Support Files/Pods-CDLExam/Pods-CDLExam-resources.sh\"\n";
			showEnvVarsInLog = 0;
		};
		87D88129D261BC4C412CC369 /* [CP] Embed Pods Frameworks */ = {
			isa = PBXShellScriptBuildPhase;
			buildActionMask = 2147483647;
			files = (
			);
			inputPaths = (
			);
			name = "[CP] Embed Pods Frameworks";
			outputPaths = (
			);
			runOnlyForDeploymentPostprocessing = 0;
			shellPath = /bin/sh;
			shellScript = "\"${SRCROOT}/Pods/Target Support Files/Pods-CDLExamTests/Pods-CDLExamTests-frameworks.sh\"\n";
			showEnvVarsInLog = 0;
		};
		C6A8A621B409EFFB7907B997 /* [CP] Embed Pods Frameworks */ = {
			isa = PBXShellScriptBuildPhase;
			buildActionMask = 2147483647;
			files = (
			);
			inputPaths = (
			);
			name = "[CP] Embed Pods Frameworks";
			outputPaths = (
			);
			runOnlyForDeploymentPostprocessing = 0;
			shellPath = /bin/sh;
			shellScript = "\"${SRCROOT}/Pods/Target Support Files/Pods-CDLExamUITests/Pods-CDLExamUITests-frameworks.sh\"\n";
			showEnvVarsInLog = 0;
		};
		F43C4252252AA2572BF20858 /* [CP] Check Pods Manifest.lock */ = {
			isa = PBXShellScriptBuildPhase;
			buildActionMask = 2147483647;
			files = (
			);
			inputPaths = (
			);
			name = "[CP] Check Pods Manifest.lock";
			outputPaths = (
			);
			runOnlyForDeploymentPostprocessing = 0;
			shellPath = /bin/sh;
			shellScript = "diff \"${PODS_ROOT}/../Podfile.lock\" \"${PODS_ROOT}/Manifest.lock\" > /dev/null\nif [ $? != 0 ] ; then\n    # print error to STDERR\n    echo \"error: The sandbox is not in sync with the Podfile.lock. Run 'pod install' or update your CocoaPods installation.\" >&2\n    exit 1\nfi\n";
			showEnvVarsInLog = 0;
		};
		F47549E51F792F46C8B31005 /* [CP] Copy Pods Resources */ = {
			isa = PBXShellScriptBuildPhase;
			buildActionMask = 2147483647;
			files = (
			);
			inputPaths = (
			);
			name = "[CP] Copy Pods Resources";
			outputPaths = (
			);
			runOnlyForDeploymentPostprocessing = 0;
			shellPath = /bin/sh;
			shellScript = "\"${SRCROOT}/Pods/Target Support Files/Pods-CDLExamUITests/Pods-CDLExamUITests-resources.sh\"\n";
			showEnvVarsInLog = 0;
		};
		F4A4325E066A0BF483387AC5 /* [CP] Embed Pods Frameworks */ = {
			isa = PBXShellScriptBuildPhase;
			buildActionMask = 2147483647;
			files = (
			);
			inputPaths = (
			);
			name = "[CP] Embed Pods Frameworks";
			outputPaths = (
			);
			runOnlyForDeploymentPostprocessing = 0;
			shellPath = /bin/sh;
			shellScript = "\"${SRCROOT}/Pods/Target Support Files/Pods-CDLExam/Pods-CDLExam-frameworks.sh\"\n";
			showEnvVarsInLog = 0;
		};
/* End PBXShellScriptBuildPhase section */

/* Begin PBXSourcesBuildPhase section */
		F4674A90201C95DA00944EC5 /* Sources */ = {
			isa = PBXSourcesBuildPhase;
			buildActionMask = 2147483647;
			files = (
				F4674A9B201C95DA00944EC5 /* CDLExam.xcdatamodeld in Sources */,
				F41E237E205FC76A00975C5A /* ExamRequirementView.swift in Sources */,
				F4674A98201C95DA00944EC5 /* AppDelegate.swift in Sources */,
				F4EADDED205E4F9C008DA8AB /* ExamViewCell.swift in Sources */,
				F4674A9D201C95DA00944EC5 /* MasterViewController.swift in Sources */,
				F4674A9F201C95DA00944EC5 /* DetailViewController.swift in Sources */,
				F4EADDEB205E4EF4008DA8AB /* Exam.swift in Sources */,
				F417404220635C53007DFE7A /* CreateExamViewController.swift in Sources */,
				F41E2387205FE04D00975C5A /* Constants.swift in Sources */,
				F41E237B205FC76A00975C5A /* ExamResults.swift in Sources */,
				F4EADDE4205CE5E9008DA8AB /* ExamSectionsTableViewController.swift in Sources */,
				F4EADDE6205CEEB6008DA8AB /* LoadExamInfoProtocol.swift in Sources */,
				F41E237C205FC76A00975C5A /* ExamScheduleTableViewController.swift in Sources */,
				F417404420636026007DFE7A /* CreateExamView.swift in Sources */,
				F41E23892060B9BF00975C5A /* UtilityFunctions.swift in Sources */,
				F41E2382205FC80900975C5A /* ResultsPDF.swift in Sources */,
				F41E237D205FC76A00975C5A /* ExamMenuTableViewController.swift in Sources */,
				F41E2385205FC87600975C5A /* ResultsPDFView.swift in Sources */,
				F41E2380205FC76A00975C5A /* ExamViewController.swift in Sources */,
			);
			runOnlyForDeploymentPostprocessing = 0;
		};
		F4674AA9201C95DA00944EC5 /* Sources */ = {
			isa = PBXSourcesBuildPhase;
			buildActionMask = 2147483647;
			files = (
				F4674AB2201C95DA00944EC5 /* CDLExamTests.swift in Sources */,
			);
			runOnlyForDeploymentPostprocessing = 0;
		};
		F4674AB4201C95DA00944EC5 /* Sources */ = {
			isa = PBXSourcesBuildPhase;
			buildActionMask = 2147483647;
			files = (
				F4674ABD201C95DA00944EC5 /* CDLExamUITests.swift in Sources */,
			);
			runOnlyForDeploymentPostprocessing = 0;
		};
/* End PBXSourcesBuildPhase section */

/* Begin PBXTargetDependency section */
		F4674AAF201C95DA00944EC5 /* PBXTargetDependency */ = {
			isa = PBXTargetDependency;
			target = F4674A93201C95DA00944EC5 /* CDLExam */;
			targetProxy = F4674AAE201C95DA00944EC5 /* PBXContainerItemProxy */;
		};
		F4674ABA201C95DA00944EC5 /* PBXTargetDependency */ = {
			isa = PBXTargetDependency;
			target = F4674A93201C95DA00944EC5 /* CDLExam */;
			targetProxy = F4674AB9201C95DA00944EC5 /* PBXContainerItemProxy */;
		};
/* End PBXTargetDependency section */

/* Begin PBXVariantGroup section */
		F4674AA0201C95DA00944EC5 /* Main.storyboard */ = {
			isa = PBXVariantGroup;
			children = (
				F4674AA1201C95DA00944EC5 /* Base */,
			);
			name = Main.storyboard;
			sourceTree = "<group>";
		};
		F4674AA5201C95DA00944EC5 /* LaunchScreen.storyboard */ = {
			isa = PBXVariantGroup;
			children = (
				F4674AA6201C95DA00944EC5 /* Base */,
			);
			name = LaunchScreen.storyboard;
			sourceTree = "<group>";
		};
/* End PBXVariantGroup section */

/* Begin XCBuildConfiguration section */
		F4674ABF201C95DA00944EC5 /* Debug */ = {
			isa = XCBuildConfiguration;
			buildSettings = {
				ALWAYS_SEARCH_USER_PATHS = NO;
				CLANG_ANALYZER_NONNULL = YES;
				CLANG_ANALYZER_NUMBER_OBJECT_CONVERSION = YES_AGGRESSIVE;
				CLANG_CXX_LANGUAGE_STANDARD = "gnu++14";
				CLANG_CXX_LIBRARY = "libc++";
				CLANG_ENABLE_MODULES = YES;
				CLANG_ENABLE_OBJC_ARC = YES;
				CLANG_WARN_BLOCK_CAPTURE_AUTORELEASING = YES;
				CLANG_WARN_BOOL_CONVERSION = YES;
				CLANG_WARN_COMMA = YES;
				CLANG_WARN_CONSTANT_CONVERSION = YES;
				CLANG_WARN_DIRECT_OBJC_ISA_USAGE = YES_ERROR;
				CLANG_WARN_DOCUMENTATION_COMMENTS = YES;
				CLANG_WARN_EMPTY_BODY = YES;
				CLANG_WARN_ENUM_CONVERSION = YES;
				CLANG_WARN_INFINITE_RECURSION = YES;
				CLANG_WARN_INT_CONVERSION = YES;
				CLANG_WARN_NON_LITERAL_NULL_CONVERSION = YES;
				CLANG_WARN_OBJC_LITERAL_CONVERSION = YES;
				CLANG_WARN_OBJC_ROOT_CLASS = YES_ERROR;
				CLANG_WARN_RANGE_LOOP_ANALYSIS = YES;
				CLANG_WARN_STRICT_PROTOTYPES = YES;
				CLANG_WARN_SUSPICIOUS_MOVE = YES;
				CLANG_WARN_UNGUARDED_AVAILABILITY = YES_AGGRESSIVE;
				CLANG_WARN_UNREACHABLE_CODE = YES;
				CLANG_WARN__DUPLICATE_METHOD_MATCH = YES;
				CODE_SIGN_IDENTITY = "iPhone Developer";
				COPY_PHASE_STRIP = NO;
				DEBUG_INFORMATION_FORMAT = dwarf;
				ENABLE_STRICT_OBJC_MSGSEND = YES;
				ENABLE_TESTABILITY = YES;
				GCC_C_LANGUAGE_STANDARD = gnu11;
				GCC_DYNAMIC_NO_PIC = NO;
				GCC_NO_COMMON_BLOCKS = YES;
				GCC_OPTIMIZATION_LEVEL = 0;
				GCC_PREPROCESSOR_DEFINITIONS = (
					"DEBUG=1",
					"$(inherited)",
				);
				GCC_WARN_64_TO_32_BIT_CONVERSION = YES;
				GCC_WARN_ABOUT_RETURN_TYPE = YES_ERROR;
				GCC_WARN_UNDECLARED_SELECTOR = YES;
				GCC_WARN_UNINITIALIZED_AUTOS = YES_AGGRESSIVE;
				GCC_WARN_UNUSED_FUNCTION = YES;
				GCC_WARN_UNUSED_VARIABLE = YES;
				IPHONEOS_DEPLOYMENT_TARGET = 11.2;
				MTL_ENABLE_DEBUG_INFO = YES;
				ONLY_ACTIVE_ARCH = YES;
				SDKROOT = iphoneos;
				SWIFT_ACTIVE_COMPILATION_CONDITIONS = DEBUG;
				SWIFT_OPTIMIZATION_LEVEL = "-Onone";
			};
			name = Debug;
		};
		F4674AC0201C95DA00944EC5 /* Release */ = {
			isa = XCBuildConfiguration;
			buildSettings = {
				ALWAYS_SEARCH_USER_PATHS = NO;
				CLANG_ANALYZER_NONNULL = YES;
				CLANG_ANALYZER_NUMBER_OBJECT_CONVERSION = YES_AGGRESSIVE;
				CLANG_CXX_LANGUAGE_STANDARD = "gnu++14";
				CLANG_CXX_LIBRARY = "libc++";
				CLANG_ENABLE_MODULES = YES;
				CLANG_ENABLE_OBJC_ARC = YES;
				CLANG_WARN_BLOCK_CAPTURE_AUTORELEASING = YES;
				CLANG_WARN_BOOL_CONVERSION = YES;
				CLANG_WARN_COMMA = YES;
				CLANG_WARN_CONSTANT_CONVERSION = YES;
				CLANG_WARN_DIRECT_OBJC_ISA_USAGE = YES_ERROR;
				CLANG_WARN_DOCUMENTATION_COMMENTS = YES;
				CLANG_WARN_EMPTY_BODY = YES;
				CLANG_WARN_ENUM_CONVERSION = YES;
				CLANG_WARN_INFINITE_RECURSION = YES;
				CLANG_WARN_INT_CONVERSION = YES;
				CLANG_WARN_NON_LITERAL_NULL_CONVERSION = YES;
				CLANG_WARN_OBJC_LITERAL_CONVERSION = YES;
				CLANG_WARN_OBJC_ROOT_CLASS = YES_ERROR;
				CLANG_WARN_RANGE_LOOP_ANALYSIS = YES;
				CLANG_WARN_STRICT_PROTOTYPES = YES;
				CLANG_WARN_SUSPICIOUS_MOVE = YES;
				CLANG_WARN_UNGUARDED_AVAILABILITY = YES_AGGRESSIVE;
				CLANG_WARN_UNREACHABLE_CODE = YES;
				CLANG_WARN__DUPLICATE_METHOD_MATCH = YES;
				CODE_SIGN_IDENTITY = "iPhone Developer";
				COPY_PHASE_STRIP = NO;
				DEBUG_INFORMATION_FORMAT = "dwarf-with-dsym";
				ENABLE_NS_ASSERTIONS = NO;
				ENABLE_STRICT_OBJC_MSGSEND = YES;
				GCC_C_LANGUAGE_STANDARD = gnu11;
				GCC_NO_COMMON_BLOCKS = YES;
				GCC_WARN_64_TO_32_BIT_CONVERSION = YES;
				GCC_WARN_ABOUT_RETURN_TYPE = YES_ERROR;
				GCC_WARN_UNDECLARED_SELECTOR = YES;
				GCC_WARN_UNINITIALIZED_AUTOS = YES_AGGRESSIVE;
				GCC_WARN_UNUSED_FUNCTION = YES;
				GCC_WARN_UNUSED_VARIABLE = YES;
				IPHONEOS_DEPLOYMENT_TARGET = 11.2;
				MTL_ENABLE_DEBUG_INFO = NO;
				SDKROOT = iphoneos;
				SWIFT_OPTIMIZATION_LEVEL = "-Owholemodule";
				VALIDATE_PRODUCT = YES;
			};
			name = Release;
		};
		F4674AC2201C95DA00944EC5 /* Debug */ = {
			isa = XCBuildConfiguration;
			baseConfigurationReference = DFADD75CBDACF24254B89DFF /* Pods-CDLExam.debug.xcconfig */;
			buildSettings = {
				ASSETCATALOG_COMPILER_APPICON_NAME = AppIcon;
				CODE_SIGN_STYLE = Automatic;
				DEVELOPMENT_TEAM = HJPTQ3N75W;
				INFOPLIST_FILE = CDLExam/Info.plist;
				IPHONEOS_DEPLOYMENT_TARGET = 10.0;
				LD_RUNPATH_SEARCH_PATHS = "$(inherited) @executable_path/Frameworks";
				PRODUCT_BUNDLE_IDENTIFIER = com.nhsa.CDLExam;
				PRODUCT_NAME = "$(TARGET_NAME)";
				SWIFT_VERSION = 4.0;
				TARGETED_DEVICE_FAMILY = "1,2";
			};
			name = Debug;
		};
		F4674AC3201C95DA00944EC5 /* Release */ = {
			isa = XCBuildConfiguration;
			baseConfigurationReference = 57345D0C3CAD412631B9EF31 /* Pods-CDLExam.release.xcconfig */;
			buildSettings = {
				ASSETCATALOG_COMPILER_APPICON_NAME = AppIcon;
				CODE_SIGN_STYLE = Automatic;
				DEVELOPMENT_TEAM = HJPTQ3N75W;
				INFOPLIST_FILE = CDLExam/Info.plist;
				IPHONEOS_DEPLOYMENT_TARGET = 10.0;
				LD_RUNPATH_SEARCH_PATHS = "$(inherited) @executable_path/Frameworks";
				PRODUCT_BUNDLE_IDENTIFIER = com.nhsa.CDLExam;
				PRODUCT_NAME = "$(TARGET_NAME)";
				SWIFT_VERSION = 4.0;
				TARGETED_DEVICE_FAMILY = "1,2";
			};
			name = Release;
		};
		F4674AC5201C95DA00944EC5 /* Debug */ = {
			isa = XCBuildConfiguration;
			baseConfigurationReference = 9BA4DACF9B226CB95A085F5F /* Pods-CDLExamTests.debug.xcconfig */;
			buildSettings = {
				ALWAYS_EMBED_SWIFT_STANDARD_LIBRARIES = YES;
				BUNDLE_LOADER = "$(TEST_HOST)";
				CODE_SIGN_STYLE = Automatic;
				DEVELOPMENT_TEAM = HJPTQ3N75W;
				INFOPLIST_FILE = CDLExamTests/Info.plist;
				LD_RUNPATH_SEARCH_PATHS = "$(inherited) @executable_path/Frameworks @loader_path/Frameworks";
				PRODUCT_BUNDLE_IDENTIFIER = com.nhsa.CDLExamTests;
				PRODUCT_NAME = "$(TARGET_NAME)";
				SWIFT_VERSION = 4.0;
				TARGETED_DEVICE_FAMILY = "1,2";
				TEST_HOST = "$(BUILT_PRODUCTS_DIR)/CDLExam.app/CDLExam";
			};
			name = Debug;
		};
		F4674AC6201C95DA00944EC5 /* Release */ = {
			isa = XCBuildConfiguration;
			baseConfigurationReference = 859B6B05326119180EBA616E /* Pods-CDLExamTests.release.xcconfig */;
			buildSettings = {
				ALWAYS_EMBED_SWIFT_STANDARD_LIBRARIES = YES;
				BUNDLE_LOADER = "$(TEST_HOST)";
				CODE_SIGN_STYLE = Automatic;
				DEVELOPMENT_TEAM = HJPTQ3N75W;
				INFOPLIST_FILE = CDLExamTests/Info.plist;
				LD_RUNPATH_SEARCH_PATHS = "$(inherited) @executable_path/Frameworks @loader_path/Frameworks";
				PRODUCT_BUNDLE_IDENTIFIER = com.nhsa.CDLExamTests;
				PRODUCT_NAME = "$(TARGET_NAME)";
				SWIFT_VERSION = 4.0;
				TARGETED_DEVICE_FAMILY = "1,2";
				TEST_HOST = "$(BUILT_PRODUCTS_DIR)/CDLExam.app/CDLExam";
			};
			name = Release;
		};
		F4674AC8201C95DA00944EC5 /* Debug */ = {
			isa = XCBuildConfiguration;
			baseConfigurationReference = 8B5DA99532A7D8B40B50D334 /* Pods-CDLExamUITests.debug.xcconfig */;
			buildSettings = {
				ALWAYS_EMBED_SWIFT_STANDARD_LIBRARIES = YES;
				CODE_SIGN_STYLE = Automatic;
				DEVELOPMENT_TEAM = HJPTQ3N75W;
				INFOPLIST_FILE = CDLExamUITests/Info.plist;
				LD_RUNPATH_SEARCH_PATHS = "$(inherited) @executable_path/Frameworks @loader_path/Frameworks";
				PRODUCT_BUNDLE_IDENTIFIER = com.nhsa.CDLExamUITests;
				PRODUCT_NAME = "$(TARGET_NAME)";
				SWIFT_VERSION = 4.0;
				TARGETED_DEVICE_FAMILY = "1,2";
				TEST_TARGET_NAME = CDLExam;
			};
			name = Debug;
		};
		F4674AC9201C95DA00944EC5 /* Release */ = {
			isa = XCBuildConfiguration;
			baseConfigurationReference = 48AAC3B449388A0553609A41 /* Pods-CDLExamUITests.release.xcconfig */;
			buildSettings = {
				ALWAYS_EMBED_SWIFT_STANDARD_LIBRARIES = YES;
				CODE_SIGN_STYLE = Automatic;
				DEVELOPMENT_TEAM = HJPTQ3N75W;
				INFOPLIST_FILE = CDLExamUITests/Info.plist;
				LD_RUNPATH_SEARCH_PATHS = "$(inherited) @executable_path/Frameworks @loader_path/Frameworks";
				PRODUCT_BUNDLE_IDENTIFIER = com.nhsa.CDLExamUITests;
				PRODUCT_NAME = "$(TARGET_NAME)";
				SWIFT_VERSION = 4.0;
				TARGETED_DEVICE_FAMILY = "1,2";
				TEST_TARGET_NAME = CDLExam;
			};
			name = Release;
		};
/* End XCBuildConfiguration section */

/* Begin XCConfigurationList section */
		F4674A8F201C95DA00944EC5 /* Build configuration list for PBXProject "CDLExam" */ = {
			isa = XCConfigurationList;
			buildConfigurations = (
				F4674ABF201C95DA00944EC5 /* Debug */,
				F4674AC0201C95DA00944EC5 /* Release */,
			);
			defaultConfigurationIsVisible = 0;
			defaultConfigurationName = Release;
		};
		F4674AC1201C95DA00944EC5 /* Build configuration list for PBXNativeTarget "CDLExam" */ = {
			isa = XCConfigurationList;
			buildConfigurations = (
				F4674AC2201C95DA00944EC5 /* Debug */,
				F4674AC3201C95DA00944EC5 /* Release */,
			);
			defaultConfigurationIsVisible = 0;
			defaultConfigurationName = Release;
		};
		F4674AC4201C95DA00944EC5 /* Build configuration list for PBXNativeTarget "CDLExamTests" */ = {
			isa = XCConfigurationList;
			buildConfigurations = (
				F4674AC5201C95DA00944EC5 /* Debug */,
				F4674AC6201C95DA00944EC5 /* Release */,
			);
			defaultConfigurationIsVisible = 0;
			defaultConfigurationName = Release;
		};
		F4674AC7201C95DA00944EC5 /* Build configuration list for PBXNativeTarget "CDLExamUITests" */ = {
			isa = XCConfigurationList;
			buildConfigurations = (
				F4674AC8201C95DA00944EC5 /* Debug */,
				F4674AC9201C95DA00944EC5 /* Release */,
			);
			defaultConfigurationIsVisible = 0;
			defaultConfigurationName = Release;
		};
/* End XCConfigurationList section */

/* Begin XCVersionGroup section */
		F4674A99201C95DA00944EC5 /* CDLExam.xcdatamodeld */ = {
			isa = XCVersionGroup;
			children = (
				F4674A9A201C95DA00944EC5 /* CDLExam.xcdatamodel */,
			);
			currentVersion = F4674A9A201C95DA00944EC5 /* CDLExam.xcdatamodel */;
			path = CDLExam.xcdatamodeld;
			sourceTree = "<group>";
			versionGroupType = wrapper.xcdatamodel;
		};
/* End XCVersionGroup section */
	};
	rootObject = F4674A8C201C95DA00944EC5 /* Project object */;
}
